
Microsoft Visual Studio Solution File, Format Version 12.00
# Visual Studio Version 17
VisualStudioVersion = 17.14.36408.4 d17.14
MinimumVisualStudioVersion = 10.0.40219.1
Project("{FAE04EC0-301F-11D3-BF4B-00C04F79EFBC}") = "Onion-Architecture-Template", "Onion-Architecture-Template\Onion-Architecture-Template.csproj", "{2567C14D-2DDF-4858-BA2A-5E6E00F84BEA}"
EndProject
Project("{FAE04EC0-301F-11D3-BF4B-00C04F79EFBC}") = "OnionTemplate.Domain", "OnionTemplate.Domain\OnionTemplate.Domain.csproj", "{53DA5A27-2380-4E19-9EED-76FF69A177DD}"
EndProject
Project("{FAE04EC0-301F-11D3-BF4B-00C04F79EFBC}") = "Service Abstraction", "Service Abstraction\Service Abstraction.csproj", "{DEBBA666-2AA7-493F-8CBA-0CE684ECFDF0}"
EndProject
Project("{FAE04EC0-301F-11D3-BF4B-00C04F79EFBC}") = "OnionTemplate.Service", "OnionTemplate.Service\OnionTemplate.Service.csproj", "{1AF524AC-BC42-4DF1-A77C-B7BE522FD4F5}"
EndProject
Project("{FAE04EC0-301F-11D3-BF4B-00C04F79EFBC}") = "OnionTemplate.Repo", "OnionTemplate.Repo\OnionTemplate.Repo.csproj", "{44E29CA6-8AC6-495C-9BF3-9622D66B9B69}"
EndProject
Global
	GlobalSection(SolutionConfigurationPlatforms) = preSolution
		Debug|Any CPU = Debug|Any CPU
		Release|Any CPU = Release|Any CPU
	EndGlobalSection
	GlobalSection(ProjectConfigurationPlatforms) = postSolution
		{2567C14D-2DDF-4858-BA2A-5E6E00F84BEA}.Debug|Any CPU.ActiveCfg = Debug|Any CPU
		{2567C14D-2DDF-4858-BA2A-5E6E00F84BEA}.Debug|Any CPU.Build.0 = Debug|Any CPU
		{2567C14D-2DDF-4858-BA2A-5E6E00F84BEA}.Release|Any CPU.ActiveCfg = Release|Any CPU
		{2567C14D-2DDF-4858-BA2A-5E6E00F84BEA}.Release|Any CPU.Build.0 = Release|Any CPU
		{53DA5A27-2380-4E19-9EED-76FF69A177DD}.Debug|Any CPU.ActiveCfg = Debug|Any CPU
		{53DA5A27-2380-4E19-9EED-76FF69A177DD}.Debug|Any CPU.Build.0 = Debug|Any CPU
		{53DA5A27-2380-4E19-9EED-76FF69A177DD}.Release|Any CPU.ActiveCfg = Release|Any CPU
		{53DA5A27-2380-4E19-9EED-76FF69A177DD}.Release|Any CPU.Build.0 = Release|Any CPU
		{DEBBA666-2AA7-493F-8CBA-0CE684ECFDF0}.Debug|Any CPU.ActiveCfg = Debug|Any CPU
		{DEBBA666-2AA7-493F-8CBA-0CE684ECFDF0}.Debug|Any CPU.Build.0 = Debug|Any CPU
		{DEBBA666-2AA7-493F-8CBA-0CE684ECFDF0}.Release|Any CPU.ActiveCfg = Release|Any CPU
		{DEBBA666-2AA7-493F-8CBA-0CE684ECFDF0}.Release|Any CPU.Build.0 = Release|Any CPU
		{1AF524AC-BC42-4DF1-A77C-B7BE522FD4F5}.Debug|Any CPU.ActiveCfg = Debug|Any CPU
		{1AF524AC-BC42-4DF1-A77C-B7BE522FD4F5}.Debug|Any CPU.Build.0 = Debug|Any CPU
		{1AF524AC-BC42-4DF1-A77C-B7BE522FD4F5}.Release|Any CPU.ActiveCfg = Release|Any CPU
		{1AF524AC-BC42-4DF1-A77C-B7BE522FD4F5}.Release|Any CPU.Build.0 = Release|Any CPU
		{44E29CA6-8AC6-495C-9BF3-9622D66B9B69}.Debug|Any CPU.ActiveCfg = Debug|Any CPU
		{44E29CA6-8AC6-495C-9BF3-9622D66B9B69}.Debug|Any CPU.Build.0 = Debug|Any CPU
		{44E29CA6-8AC6-495C-9BF3-9622D66B9B69}.Release|Any CPU.ActiveCfg = Release|Any CPU
		{44E29CA6-8AC6-495C-9BF3-9622D66B9B69}.Release|Any CPU.Build.0 = Release|Any CPU
	EndGlobalSection
	GlobalSection(SolutionProperties) = preSolution
		HideSolutionNode = FALSE
	EndGlobalSection
	GlobalSection(ExtensibilityGlobals) = postSolution
		SolutionGuid = {E196AB56-DDBE-4ED4-9DB9-599FE760D008}
	EndGlobalSection
EndGlobal
